
Microsoft Visual Studio Solution File, Format Version 12.00
# Visual Studio 15
VisualStudioVersion = 15.0.27428.2027
MinimumVisualStudioVersion = 10.0.40219.1
Project("{8BC9CEB8-8B4A-11D0-8D11-00A0C91BC942}") = "2d_game", "2d_game\2d_game.vcxproj", "{21FB9E8D-8671-4A34-974F-18F171933CEF}"
EndProject
Global
	GlobalSection(SolutionConfigurationPlatforms) = preSolution
		Debug|x64 = Debug|x64
		Debug|x86 = Debug|x86
		Release|x64 = Release|x64
		Release|x86 = Release|x86
	EndGlobalSection
	GlobalSection(ProjectConfigurationPlatforms) = postSolution
		{21FB9E8D-8671-4A34-974F-18F171933CEF}.Debug|x64.ActiveCfg = Debug|x64
		{21FB9E8D-8671-4A34-974F-18F171933CEF}.Debug|x64.Build.0 = Debug|x64
		{21FB9E8D-8671-4A34-974F-18F171933CEF}.Debug|x86.ActiveCfg = Debug|Win32
		{21FB9E8D-8671-4A34-974F-18F171933CEF}.Debug|x86.Build.0 = Debug|Win32
		{21FB9E8D-8671-4A34-974F-18F171933CEF}.Release|x64.ActiveCfg = Release|x64
		{21FB9E8D-8671-4A34-974F-18F171933CEF}.Release|x64.Build.0 = Release|x64
		{21FB9E8D-8671-4A34-974F-18F171933CEF}.Release|x86.ActiveCfg = Release|Win32
		{21FB9E8D-8671-4A34-974F-18F171933CEF}.Release|x86.Build.0 = Release|Win32
	EndGlobalSection
	GlobalSection(SolutionProperties) = preSolution
		HideSolutionNode = FALSE
	EndGlobalSection
	GlobalSection(ExtensibilityGlobals) = postSolution
		SolutionGuid = {A288FA00-3B59-4BF4-9933-A98613D83563}
	EndGlobalSection
EndGlobal
